// !$*UTF8*$!
{
	archiveVersion = 1;
	classes = {
	};
	objectVersion = 50;
	objects = {

/* Begin PBXBuildFile section */
		576B9854D88D7B1197065181 /* Pods_HowlTalk.framework in Frameworks */ = {isa = PBXBuildFile; fileRef = 276D8564808EEE83F0C0D169 /* Pods_HowlTalk.framework */; };
		CD112D32211730EC00BA5344 /* LoginViewController.swift in Sources */ = {isa = PBXBuildFile; fileRef = CD112D31211730EC00BA5344 /* LoginViewController.swift */; };
		CD4CE8A42110771A0077CC61 /* RemoteConfigDefaults.plist in Resources */ = {isa = PBXBuildFile; fileRef = CD4CE8A32110771A0077CC61 /* RemoteConfigDefaults.plist */; };
		CDE242A22110694B00D409E7 /* AppDelegate.swift in Sources */ = {isa = PBXBuildFile; fileRef = CDE242A12110694B00D409E7 /* AppDelegate.swift */; };
		CDE242A42110694B00D409E7 /* ViewController.swift in Sources */ = {isa = PBXBuildFile; fileRef = CDE242A32110694B00D409E7 /* ViewController.swift */; };
		CDE242A72110694B00D409E7 /* Main.storyboard in Resources */ = {isa = PBXBuildFile; fileRef = CDE242A52110694B00D409E7 /* Main.storyboard */; };
		CDE242A92110695200D409E7 /* Assets.xcassets in Resources */ = {isa = PBXBuildFile; fileRef = CDE242A82110695200D409E7 /* Assets.xcassets */; };
		CDE242AC2110695200D409E7 /* LaunchScreen.storyboard in Resources */ = {isa = PBXBuildFile; fileRef = CDE242AA2110695200D409E7 /* LaunchScreen.storyboard */; };
		CDE242B421106BC000D409E7 /* GoogleService-Info.plist in Resources */ = {isa = PBXBuildFile; fileRef = CDE242B321106BC000D409E7 /* GoogleService-Info.plist */; };
		CDEAB4A52119B3A70086F212 /* MainViewController.swift in Sources */ = {isa = PBXBuildFile; fileRef = CDEAB4A42119B3A70086F212 /* MainViewController.swift */; };
		CDFB799721189A7D00665D09 /* SignupViewController.swift in Sources */ = {isa = PBXBuildFile; fileRef = CDFB799621189A7D00665D09 /* SignupViewController.swift */; };
/* End PBXBuildFile section */

/* Begin PBXFileReference section */
		276D8564808EEE83F0C0D169 /* Pods_HowlTalk.framework */ = {isa = PBXFileReference; explicitFileType = wrapper.framework; includeInIndex = 0; path = Pods_HowlTalk.framework; sourceTree = BUILT_PRODUCTS_DIR; };
		2DD656B1E936C37CBF40F83A /* Pods-HowlTalk.release.xcconfig */ = {isa = PBXFileReference; includeInIndex = 1; lastKnownFileType = text.xcconfig; name = "Pods-HowlTalk.release.xcconfig"; path = "Pods/Target Support Files/Pods-HowlTalk/Pods-HowlTalk.release.xcconfig"; sourceTree = "<group>"; };
		934FE655E7F77B10E6A3AB7B /* Pods-HowlTalk.debug.xcconfig */ = {isa = PBXFileReference; includeInIndex = 1; lastKnownFileType = text.xcconfig; name = "Pods-HowlTalk.debug.xcconfig"; path = "Pods/Target Support Files/Pods-HowlTalk/Pods-HowlTalk.debug.xcconfig"; sourceTree = "<group>"; };
		CD112D31211730EC00BA5344 /* LoginViewController.swift */ = {isa = PBXFileReference; lastKnownFileType = sourcecode.swift; path = LoginViewController.swift; sourceTree = "<group>"; };
		CD4CE8A32110771A0077CC61 /* RemoteConfigDefaults.plist */ = {isa = PBXFileReference; lastKnownFileType = text.plist.xml; path = RemoteConfigDefaults.plist; sourceTree = "<group>"; };
		CDE2429E2110694B00D409E7 /* HowlTalk.app */ = {isa = PBXFileReference; explicitFileType = wrapper.application; includeInIndex = 0; path = HowlTalk.app; sourceTree = BUILT_PRODUCTS_DIR; };
		CDE242A12110694B00D409E7 /* AppDelegate.swift */ = {isa = PBXFileReference; lastKnownFileType = sourcecode.swift; path = AppDelegate.swift; sourceTree = "<group>"; };
		CDE242A32110694B00D409E7 /* ViewController.swift */ = {isa = PBXFileReference; lastKnownFileType = sourcecode.swift; path = ViewController.swift; sourceTree = "<group>"; };
		CDE242A62110694B00D409E7 /* Base */ = {isa = PBXFileReference; lastKnownFileType = file.storyboard; name = Base; path = Base.lproj/Main.storyboard; sourceTree = "<group>"; };
		CDE242A82110695200D409E7 /* Assets.xcassets */ = {isa = PBXFileReference; lastKnownFileType = folder.assetcatalog; path = Assets.xcassets; sourceTree = "<group>"; };
		CDE242AB2110695200D409E7 /* Base */ = {isa = PBXFileReference; lastKnownFileType = file.storyboard; name = Base; path = Base.lproj/LaunchScreen.storyboard; sourceTree = "<group>"; };
		CDE242AD2110695200D409E7 /* Info.plist */ = {isa = PBXFileReference; lastKnownFileType = text.plist.xml; path = Info.plist; sourceTree = "<group>"; };
		CDE242B321106BC000D409E7 /* GoogleService-Info.plist */ = {isa = PBXFileReference; fileEncoding = 4; lastKnownFileType = text.plist.xml; path = "GoogleService-Info.plist"; sourceTree = "<group>"; };
		CDEAB4A42119B3A70086F212 /* MainViewController.swift */ = {isa = PBXFileReference; lastKnownFileType = sourcecode.swift; path = MainViewController.swift; sourceTree = "<group>"; };
		CDFB799621189A7D00665D09 /* SignupViewController.swift */ = {isa = PBXFileReference; lastKnownFileType = sourcecode.swift; path = SignupViewController.swift; sourceTree = "<group>"; };
/* End PBXFileReference section */

/* Begin PBXFrameworksBuildPhase section */
		CDE2429B2110694B00D409E7 /* Frameworks */ = {
			isa = PBXFrameworksBuildPhase;
			buildActionMask = 2147483647;
			files = (
				576B9854D88D7B1197065181 /* Pods_HowlTalk.framework in Frameworks */,
			);
			runOnlyForDeploymentPostprocessing = 0;
		};
/* End PBXFrameworksBuildPhase section */

/* Begin PBXGroup section */
		044F0D8FD278A92BAB0C848C /* Frameworks */ = {
			isa = PBXGroup;
			children = (
				276D8564808EEE83F0C0D169 /* Pods_HowlTalk.framework */,
			);
			name = Frameworks;
			sourceTree = "<group>";
		};
		2F6E30BE5777D66FE4E8417B /* Pods */ = {
			isa = PBXGroup;
			children = (
				934FE655E7F77B10E6A3AB7B /* Pods-HowlTalk.debug.xcconfig */,
				2DD656B1E936C37CBF40F83A /* Pods-HowlTalk.release.xcconfig */,
			);
			name = Pods;
			sourceTree = "<group>";
		};
		CDE242952110694B00D409E7 = {
			isa = PBXGroup;
			children = (
				CDE242A02110694B00D409E7 /* HowlTalk */,
				CDE2429F2110694B00D409E7 /* Products */,
				2F6E30BE5777D66FE4E8417B /* Pods */,
				044F0D8FD278A92BAB0C848C /* Frameworks */,
			);
			sourceTree = "<group>";
		};
		CDE2429F2110694B00D409E7 /* Products */ = {
			isa = PBXGroup;
			children = (
				CDE2429E2110694B00D409E7 /* HowlTalk.app */,
			);
			name = Products;
			sourceTree = "<group>";
		};
		CDE242A02110694B00D409E7 /* HowlTalk */ = {
			isa = PBXGroup;
			children = (
				CDE242A12110694B00D409E7 /* AppDelegate.swift */,
				CDE242A32110694B00D409E7 /* ViewController.swift */,
				CD4CE8A32110771A0077CC61 /* RemoteConfigDefaults.plist */,
				CDE242A52110694B00D409E7 /* Main.storyboard */,
				CDE242A82110695200D409E7 /* Assets.xcassets */,
				CDE242B321106BC000D409E7 /* GoogleService-Info.plist */,
				CDE242AA2110695200D409E7 /* LaunchScreen.storyboard */,
				CDE242AD2110695200D409E7 /* Info.plist */,
				CD112D31211730EC00BA5344 /* LoginViewController.swift */,
				CDFB799621189A7D00665D09 /* SignupViewController.swift */,
				CDEAB4A42119B3A70086F212 /* MainViewController.swift */,
			);
			path = HowlTalk;
			sourceTree = "<group>";
		};
/* End PBXGroup section */

/* Begin PBXNativeTarget section */
		CDE2429D2110694B00D409E7 /* HowlTalk */ = {
			isa = PBXNativeTarget;
			buildConfigurationList = CDE242B02110695200D409E7 /* Build configuration list for PBXNativeTarget "HowlTalk" */;
			buildPhases = (
				2570B27357C465481075833C /* [CP] Check Pods Manifest.lock */,
				CDE2429A2110694B00D409E7 /* Sources */,
				CDE2429B2110694B00D409E7 /* Frameworks */,
				CDE2429C2110694B00D409E7 /* Resources */,
				FECADCE2BF919CC8EF027DFC /* [CP] Embed Pods Frameworks */,
			);
			buildRules = (
			);
			dependencies = (
			);
			name = HowlTalk;
			productName = HowlTalk;
			productReference = CDE2429E2110694B00D409E7 /* HowlTalk.app */;
			productType = "com.apple.product-type.application";
		};
/* End PBXNativeTarget section */

/* Begin PBXProject section */
		CDE242962110694B00D409E7 /* Project object */ = {
			isa = PBXProject;
			attributes = {
				LastSwiftUpdateCheck = 0940;
				LastUpgradeCheck = 0940;
				ORGANIZATIONNAME = ijuyong;
				TargetAttributes = {
					CDE2429D2110694B00D409E7 = {
						CreatedOnToolsVersion = 9.4.1;
					};
				};
			};
			buildConfigurationList = CDE242992110694B00D409E7 /* Build configuration list for PBXProject "HowlTalk" */;
			compatibilityVersion = "Xcode 9.3";
			developmentRegion = en;
			hasScannedForEncodings = 0;
			knownRegions = (
				en,
				Base,
			);
			mainGroup = CDE242952110694B00D409E7;
			productRefGroup = CDE2429F2110694B00D409E7 /* Products */;
			projectDirPath = "";
			projectRoot = "";
			targets = (
				CDE2429D2110694B00D409E7 /* HowlTalk */,
			);
		};
/* End PBXProject section */

/* Begin PBXResourcesBuildPhase section */
		CDE2429C2110694B00D409E7 /* Resources */ = {
			isa = PBXResourcesBuildPhase;
			buildActionMask = 2147483647;
			files = (
				CDE242AC2110695200D409E7 /* LaunchScreen.storyboard in Resources */,
				CD4CE8A42110771A0077CC61 /* RemoteConfigDefaults.plist in Resources */,
				CDE242B421106BC000D409E7 /* GoogleService-Info.plist in Resources */,
				CDE242A92110695200D409E7 /* Assets.xcassets in Resources */,
				CDE242A72110694B00D409E7 /* Main.storyboard in Resources */,
			);
			runOnlyForDeploymentPostprocessing = 0;
		};
/* End PBXResourcesBuildPhase section */

/* Begin PBXShellScriptBuildPhase section */
		2570B27357C465481075833C /* [CP] Check Pods Manifest.lock */ = {
			isa = PBXShellScriptBuildPhase;
			buildActionMask = 2147483647;
			files = (
			);
			inputPaths = (
				"${PODS_PODFILE_DIR_PATH}/Podfile.lock",
				"${PODS_ROOT}/Manifest.lock",
			);
			name = "[CP] Check Pods Manifest.lock";
			outputPaths = (
				"$(DERIVED_FILE_DIR)/Pods-HowlTalk-checkManifestLockResult.txt",
			);
			runOnlyForDeploymentPostprocessing = 0;
			shellPath = /bin/sh;
			shellScript = "diff \"${PODS_PODFILE_DIR_PATH}/Podfile.lock\" \"${PODS_ROOT}/Manifest.lock\" > /dev/null\nif [ $? != 0 ] ; then\n    # print error to STDERR\n    echo \"error: The sandbox is not in sync with the Podfile.lock. Run 'pod install' or update your CocoaPods installation.\" >&2\n    exit 1\nfi\n# This output is used by Xcode 'outputs' to avoid re-running this script phase.\necho \"SUCCESS\" > \"${SCRIPT_OUTPUT_FILE_0}\"\n";
			showEnvVarsInLog = 0;
		};
		FECADCE2BF919CC8EF027DFC /* [CP] Embed Pods Frameworks */ = {
			isa = PBXShellScriptBuildPhase;
			buildActionMask = 2147483647;
			files = (
			);
			inputPaths = (
				"${SRCROOT}/Pods/Target Support Files/Pods-HowlTalk/Pods-HowlTalk-frameworks.sh",
				"${BUILT_PRODUCTS_DIR}/GTMSessionFetcher/GTMSessionFetcher.framework",
				"${BUILT_PRODUCTS_DIR}/GoogleToolboxForMac/GoogleToolboxForMac.framework",
				"${BUILT_PRODUCTS_DIR}/Protobuf/Protobuf.framework",
				"${BUILT_PRODUCTS_DIR}/SnapKit/SnapKit.framework",
				"${BUILT_PRODUCTS_DIR}/TextFieldEffects/TextFieldEffects.framework",
				"${BUILT_PRODUCTS_DIR}/leveldb-library/leveldb.framework",
				"${BUILT_PRODUCTS_DIR}/nanopb/nanopb.framework",
			);
			name = "[CP] Embed Pods Frameworks";
			outputPaths = (
				"${TARGET_BUILD_DIR}/${FRAMEWORKS_FOLDER_PATH}/GTMSessionFetcher.framework",
				"${TARGET_BUILD_DIR}/${FRAMEWORKS_FOLDER_PATH}/GoogleToolboxForMac.framework",
				"${TARGET_BUILD_DIR}/${FRAMEWORKS_FOLDER_PATH}/Protobuf.framework",
				"${TARGET_BUILD_DIR}/${FRAMEWORKS_FOLDER_PATH}/SnapKit.framework",
				"${TARGET_BUILD_DIR}/${FRAMEWORKS_FOLDER_PATH}/TextFieldEffects.framework",
				"${TARGET_BUILD_DIR}/${FRAMEWORKS_FOLDER_PATH}/leveldb.framework",
				"${TARGET_BUILD_DIR}/${FRAMEWORKS_FOLDER_PATH}/nanopb.framework",
			);
			runOnlyForDeploymentPostprocessing = 0;
			shellPath = /bin/sh;
			shellScript = "\"${SRCROOT}/Pods/Target Support Files/Pods-HowlTalk/Pods-HowlTalk-frameworks.sh\"\n";
			showEnvVarsInLog = 0;
		};
/* End PBXShellScriptBuildPhase section */

/* Begin PBXSourcesBuildPhase section */
		CDE2429A2110694B00D409E7 /* Sources */ = {
			isa = PBXSourcesBuildPhase;
			buildActionMask = 2147483647;
			files = (
				CD112D32211730EC00BA5344 /* LoginViewController.swift in Sources */,
				CDE242A42110694B00D409E7 /* ViewController.swift in Sources */,
				CDFB799721189A7D00665D09 /* SignupViewController.swift in Sources */,
				CDE242A22110694B00D409E7 /* AppDelegate.swift in Sources */,
				CDEAB4A52119B3A70086F212 /* MainViewController.swift in Sources */,
			);
			runOnlyForDeploymentPostprocessing = 0;
		};
/* End PBXSourcesBuildPhase section */

/* Begin PBXVariantGroup section */
		CDE242A52110694B00D409E7 /* Main.storyboard */ = {
			isa = PBXVariantGroup;
			children = (
				CDE242A62110694B00D409E7 /* Base */,
			);
			name = Main.storyboard;
			sourceTree = "<group>";
		};
		CDE242AA2110695200D409E7 /* LaunchScreen.storyboard */ = {
			isa = PBXVariantGroup;
			children = (
				CDE242AB2110695200D409E7 /* Base */,
			);
			name = LaunchScreen.storyboard;
			sourceTree = "<group>";
		};
/* End PBXVariantGroup section */

/* Begin XCBuildConfiguration section */
		CDE242AE2110695200D409E7 /* Debug */ = {
			isa = XCBuildConfiguration;
			buildSettings = {
				ALWAYS_SEARCH_USER_PATHS = NO;
				CLANG_ANALYZER_NONNULL = YES;
				CLANG_ANALYZER_NUMBER_OBJECT_CONVERSION = YES_AGGRESSIVE;
				CLANG_CXX_LANGUAGE_STANDARD = "gnu++14";
				CLANG_CXX_LIBRARY = "libc++";
				CLANG_ENABLE_MODULES = YES;
				CLANG_ENABLE_OBJC_ARC = YES;
				CLANG_ENABLE_OBJC_WEAK = YES;
				CLANG_WARN_BLOCK_CAPTURE_AUTORELEASING = YES;
				CLANG_WARN_BOOL_CONVERSION = YES;
				CLANG_WARN_COMMA = YES;
				CLANG_WARN_CONSTANT_CONVERSION = YES;
				CLANG_WARN_DEPRECATED_OBJC_IMPLEMENTATIONS = YES;
				CLANG_WARN_DIRECT_OBJC_ISA_USAGE = YES_ERROR;
				CLANG_WARN_DOCUMENTATION_COMMENTS = YES;
				CLANG_WARN_EMPTY_BODY = YES;
				CLANG_WARN_ENUM_CONVERSION = YES;
				CLANG_WARN_INFINITE_RECURSION = YES;
				CLANG_WARN_INT_CONVERSION = YES;
				CLANG_WARN_NON_LITERAL_NULL_CONVERSION = YES;
				CLANG_WARN_OBJC_IMPLICIT_RETAIN_SELF = YES;
				CLANG_WARN_OBJC_LITERAL_CONVERSION = YES;
				CLANG_WARN_OBJC_ROOT_CLASS = YES_ERROR;
				CLANG_WARN_RANGE_LOOP_ANALYSIS = YES;
				CLANG_WARN_STRICT_PROTOTYPES = YES;
				CLANG_WARN_SUSPICIOUS_MOVE = YES;
				CLANG_WARN_UNGUARDED_AVAILABILITY = YES_AGGRESSIVE;
				CLANG_WARN_UNREACHABLE_CODE = YES;
				CLANG_WARN__DUPLICATE_METHOD_MATCH = YES;
				CODE_SIGN_IDENTITY = "iPhone Developer";
				COPY_PHASE_STRIP = NO;
				DEBUG_INFORMATION_FORMAT = dwarf;
				ENABLE_STRICT_OBJC_MSGSEND = YES;
				ENABLE_TESTABILITY = YES;
				GCC_C_LANGUAGE_STANDARD = gnu11;
				GCC_DYNAMIC_NO_PIC = NO;
				GCC_NO_COMMON_BLOCKS = YES;
				GCC_OPTIMIZATION_LEVEL = 0;
				GCC_PREPROCESSOR_DEFINITIONS = (
					"DEBUG=1",
					"$(inherited)",
				);
				GCC_WARN_64_TO_32_BIT_CONVERSION = YES;
				GCC_WARN_ABOUT_RETURN_TYPE = YES_ERROR;
				GCC_WARN_UNDECLARED_SELECTOR = YES;
				GCC_WARN_UNINITIALIZED_AUTOS = YES_AGGRESSIVE;
				GCC_WARN_UNUSED_FUNCTION = YES;
				GCC_WARN_UNUSED_VARIABLE = YES;
				IPHONEOS_DEPLOYMENT_TARGET = 11.4;
				MTL_ENABLE_DEBUG_INFO = YES;
				ONLY_ACTIVE_ARCH = YES;
				SDKROOT = iphoneos;
				SWIFT_ACTIVE_COMPILATION_CONDITIONS = DEBUG;
				SWIFT_OPTIMIZATION_LEVEL = "-Onone";
			};
			name = Debug;
		};
		CDE242AF2110695200D409E7 /* Release */ = {
			isa = XCBuildConfiguration;
			buildSettings = {
				ALWAYS_SEARCH_USER_PATHS = NO;
				CLANG_ANALYZER_NONNULL = YES;
				CLANG_ANALYZER_NUMBER_OBJECT_CONVERSION = YES_AGGRESSIVE;
				CLANG_CXX_LANGUAGE_STANDARD = "gnu++14";
				CLANG_CXX_LIBRARY = "libc++";
				CLANG_ENABLE_MODULES = YES;
				CLANG_ENABLE_OBJC_ARC = YES;
				CLANG_ENABLE_OBJC_WEAK = YES;
				CLANG_WARN_BLOCK_CAPTURE_AUTORELEASING = YES;
				CLANG_WARN_BOOL_CONVERSION = YES;
				CLANG_WARN_COMMA = YES;
				CLANG_WARN_CONSTANT_CONVERSION = YES;
				CLANG_WARN_DEPRECATED_OBJC_IMPLEMENTATIONS = YES;
				CLANG_WARN_DIRECT_OBJC_ISA_USAGE = YES_ERROR;
				CLANG_WARN_DOCUMENTATION_COMMENTS = YES;
				CLANG_WARN_EMPTY_BODY = YES;
				CLANG_WARN_ENUM_CONVERSION = YES;
				CLANG_WARN_INFINITE_RECURSION = YES;
				CLANG_WARN_INT_CONVERSION = YES;
				CLANG_WARN_NON_LITERAL_NULL_CONVERSION = YES;
				CLANG_WARN_OBJC_IMPLICIT_RETAIN_SELF = YES;
				CLANG_WARN_OBJC_LITERAL_CONVERSION = YES;
				CLANG_WARN_OBJC_ROOT_CLASS = YES_ERROR;
				CLANG_WARN_RANGE_LOOP_ANALYSIS = YES;
				CLANG_WARN_STRICT_PROTOTYPES = YES;
				CLANG_WARN_SUSPICIOUS_MOVE = YES;
				CLANG_WARN_UNGUARDED_AVAILABILITY = YES_AGGRESSIVE;
				CLANG_WARN_UNREACHABLE_CODE = YES;
				CLANG_WARN__DUPLICATE_METHOD_MATCH = YES;
				CODE_SIGN_IDENTITY = "iPhone Developer";
				COPY_PHASE_STRIP = NO;
				DEBUG_INFORMATION_FORMAT = "dwarf-with-dsym";
				ENABLE_NS_ASSERTIONS = NO;
				ENABLE_STRICT_OBJC_MSGSEND = YES;
				GCC_C_LANGUAGE_STANDARD = gnu11;
				GCC_NO_COMMON_BLOCKS = YES;
				GCC_WARN_64_TO_32_BIT_CONVERSION = YES;
				GCC_WARN_ABOUT_RETURN_TYPE = YES_ERROR;
				GCC_WARN_UNDECLARED_SELECTOR = YES;
				GCC_WARN_UNINITIALIZED_AUTOS = YES_AGGRESSIVE;
				GCC_WARN_UNUSED_FUNCTION = YES;
				GCC_WARN_UNUSED_VARIABLE = YES;
				IPHONEOS_DEPLOYMENT_TARGET = 11.4;
				MTL_ENABLE_DEBUG_INFO = NO;
				SDKROOT = iphoneos;
				SWIFT_COMPILATION_MODE = wholemodule;
				SWIFT_OPTIMIZATION_LEVEL = "-O";
				VALIDATE_PRODUCT = YES;
			};
			name = Release;
		};
		CDE242B12110695200D409E7 /* Debug */ = {
			isa = XCBuildConfiguration;
			baseConfigurationReference = 934FE655E7F77B10E6A3AB7B /* Pods-HowlTalk.debug.xcconfig */;
			buildSettings = {
				ASSETCATALOG_COMPILER_APPICON_NAME = AppIcon;
				CODE_SIGN_STYLE = Automatic;
				DEVELOPMENT_TEAM = XRW8T68AQ5;
				INFOPLIST_FILE = HowlTalk/Info.plist;
				IPHONEOS_DEPLOYMENT_TARGET = 11.4;
				LD_RUNPATH_SEARCH_PATHS = (
					"$(inherited)",
					"@executable_path/Frameworks",
				);
				PRODUCT_BUNDLE_IDENTIFIER = com.ijuyong.HowlTalk;
				PRODUCT_NAME = "$(TARGET_NAME)";
				SWIFT_VERSION = 4.0;
				TARGETED_DEVICE_FAMILY = "1,2";
			};
			name = Debug;
		};
		CDE242B22110695200D409E7 /* Release */ = {
			isa = XCBuildConfiguration;
			baseConfigurationReference = 2DD656B1E936C37CBF40F83A /* Pods-HowlTalk.release.xcconfig */;
			buildSettings = {
				ASSETCATALOG_COMPILER_APPICON_NAME = AppIcon;
				CODE_SIGN_STYLE = Automatic;
				DEVELOPMENT_TEAM = XRW8T68AQ5;
				INFOPLIST_FILE = HowlTalk/Info.plist;
				IPHONEOS_DEPLOYMENT_TARGET = 11.4;
				LD_RUNPATH_SEARCH_PATHS = (
					"$(inherited)",
					"@executable_path/Frameworks",
				);
				PRODUCT_BUNDLE_IDENTIFIER = com.ijuyong.HowlTalk;
				PRODUCT_NAME = "$(TARGET_NAME)";
				SWIFT_VERSION = 4.0;
				TARGETED_DEVICE_FAMILY = "1,2";
			};
			name = Release;
		};
/* End XCBuildConfiguration section */

/* Begin XCConfigurationList section */
		CDE242992110694B00D409E7 /* Build configuration list for PBXProject "HowlTalk" */ = {
			isa = XCConfigurationList;
			buildConfigurations = (
				CDE242AE2110695200D409E7 /* Debug */,
				CDE242AF2110695200D409E7 /* Release */,
			);
			defaultConfigurationIsVisible = 0;
			defaultConfigurationName = Release;
		};
		CDE242B02110695200D409E7 /* Build configuration list for PBXNativeTarget "HowlTalk" */ = {
			isa = XCConfigurationList;
			buildConfigurations = (
				CDE242B12110695200D409E7 /* Debug */,
				CDE242B22110695200D409E7 /* Release */,
			);
			defaultConfigurationIsVisible = 0;
			defaultConfigurationName = Release;
		};
/* End XCConfigurationList section */
	};
	rootObject = CDE242962110694B00D409E7 /* Project object */;
}
